
Microsoft Visual Studio Solution File, Format Version 12.00
# Visual Studio 15
VisualStudioVersion = 15.0.27130.2020
MinimumVisualStudioVersion = 10.0.40219.1
Project("{8BC9CEB8-8B4A-11D0-8D11-00A0C91BC942}") = "Individual Work2 Dictionary Tree 6", "Individual Work2 Dictionary Tree 6\Individual Work2 Dictionary Tree 6.vcxproj", "{7EF06EA3-0634-47CB-8780-5CF0FAA5D01A}"
EndProject
Global
	GlobalSection(SolutionConfigurationPlatforms) = preSolution
		Debug|x64 = Debug|x64
		Debug|x86 = Debug|x86
		Release|x64 = Release|x64
		Release|x86 = Release|x86
	EndGlobalSection
	GlobalSection(ProjectConfigurationPlatforms) = postSolution
		{7EF06EA3-0634-47CB-8780-5CF0FAA5D01A}.Debug|x64.ActiveCfg = Debug|x64
		{7EF06EA3-0634-47CB-8780-5CF0FAA5D01A}.Debug|x64.Build.0 = Debug|x64
		{7EF06EA3-0634-47CB-8780-5CF0FAA5D01A}.Debug|x86.ActiveCfg = Debug|Win32
		{7EF06EA3-0634-47CB-8780-5CF0FAA5D01A}.Debug|x86.Build.0 = Debug|Win32
		{7EF06EA3-0634-47CB-8780-5CF0FAA5D01A}.Release|x64.ActiveCfg = Release|x64
		{7EF06EA3-0634-47CB-8780-5CF0FAA5D01A}.Release|x64.Build.0 = Release|x64
		{7EF06EA3-0634-47CB-8780-5CF0FAA5D01A}.Release|x86.ActiveCfg = Release|Win32
		{7EF06EA3-0634-47CB-8780-5CF0FAA5D01A}.Release|x86.Build.0 = Release|Win32
	EndGlobalSection
	GlobalSection(SolutionProperties) = preSolution
		HideSolutionNode = FALSE
	EndGlobalSection
	GlobalSection(ExtensibilityGlobals) = postSolution
		SolutionGuid = {D6B70197-EFD0-4F16-B0E2-5972DF4200AA}
	EndGlobalSection
EndGlobal
